// !$*UTF8*$!
{
	archiveVersion = 1;
	classes = {
	};
	objectVersion = 77;
	objects = {

/* Begin PBXBuildFile section */
		0C73CCBED39EFEBEBD13E28B /* MelSpectrogramTests.swift in Sources */ = {isa = PBXBuildFile; fileRef = 0A1ED89D3D51D3BB8AC16C59 /* MelSpectrogramTests.swift */; };
		0EA9E9B8A05DB9EE9F8D5744 /* AudioRecorder.swift in Sources */ = {isa = PBXBuildFile; fileRef = C401BF13A1A047FDE403647C /* AudioRecorder.swift */; };
		19BE6118B298FEFEF6B4AA3C /* WhisperPipeline.swift in Sources */ = {isa = PBXBuildFile; fileRef = 2B4142BFF61C435932DB27F7 /* WhisperPipeline.swift */; };
		20595BF325F2641EA1D608C3 /* MelSpectrogram.swift in Sources */ = {isa = PBXBuildFile; fileRef = E38618CDDA50DCB8B9800CCD /* MelSpectrogram.swift */; };
		400277AB49D2E857D487500B /* ProfileView.swift in Sources */ = {isa = PBXBuildFile; fileRef = 8C6318F417D976BFD530F36C /* ProfileView.swift */; };
		4C319BE53E179A396D483A06 /* StoreManager.swift in Sources */ = {isa = PBXBuildFile; fileRef = 674405B1CCF31CAE3C7E0F4E /* StoreManager.swift */; };
		4C57601B3314B08D898F29AF /* TrialManager.swift in Sources */ = {isa = PBXBuildFile; fileRef = 0B4E9DFE483FA8AED3CD83F4 /* TrialManager.swift */; };
		621112843038F39CEE0DA2E8 /* KeyboardView.swift in Sources */ = {isa = PBXBuildFile; fileRef = 7B255C5C571A1BDC3F04D18A /* KeyboardView.swift */; };
		97E1C01F8D8851AA0E03C4EA /* vocab.json in Resources */ = {isa = PBXBuildFile; fileRef = 218C506B644B4BCE8BF05BC9 /* vocab.json */; };
		991B300B06D9530970B6E386 /* WhisperPipelineTests.swift in Sources */ = {isa = PBXBuildFile; fileRef = 580324C3EAE16A45B06F52FB /* WhisperPipelineTests.swift */; };
		9C79690273DB266EA6C39808 /* NotesView.swift in Sources */ = {isa = PBXBuildFile; fileRef = 9F3103FC1497932FC9797515 /* NotesView.swift */; };
		9EF1EF23037B4C75251F9634 /* OnboardingView.swift in Sources */ = {isa = PBXBuildFile; fileRef = 8C3E14FF979E750F50870CF5 /* OnboardingView.swift */; };
		A2076E571A3DE94442580A84 /* SilenceDetector.swift in Sources */ = {isa = PBXBuildFile; fileRef = D1ADBEE23DEE85F3976240B3 /* SilenceDetector.swift */; };
		A50D061B794C1061DBBE17BB /* WhisperTokenizer.swift in Sources */ = {isa = PBXBuildFile; fileRef = DBCC0DECF4C2BA7EB17982EF /* WhisperTokenizer.swift */; };
		A952A07055AE649F0C82F8FE /* WhisperEngine.swift in Sources */ = {isa = PBXBuildFile; fileRef = F8AC1D5F5AFE72CFB24979E3 /* WhisperEngine.swift */; };
		BF86EED7D25C22F301EEAFF4 /* SilenceDetectorTests.swift in Sources */ = {isa = PBXBuildFile; fileRef = 32A6BDA1C09389B8570E4346 /* SilenceDetectorTests.swift */; };
		C0CA756C1EA2DA6D8DC3D72F /* AudioPreprocessor.swift in Sources */ = {isa = PBXBuildFile; fileRef = AD743CAD035E9E817FF84AD5 /* AudioPreprocessor.swift */; };
		CBFC43483B0DFE0DA42A3578 /* TrialManager.swift in Sources */ = {isa = PBXBuildFile; fileRef = 0B4E9DFE483FA8AED3CD83F4 /* TrialManager.swift */; };
		D00EAA46FEA64975C1191F33 /* SettingsView.swift in Sources */ = {isa = PBXBuildFile; fileRef = C4B3D4B1F3C9C9AC3D57AD68 /* SettingsView.swift */; };
		E2F07CD8B7A78EFDACC5CDE7 /* KeyboardViewController.swift in Sources */ = {isa = PBXBuildFile; fileRef = 809AFA43B49C1CAA5B7E0EE1 /* KeyboardViewController.swift */; };
		E5A6E3F19E5E50703F23B2FA /* Theme.swift in Sources */ = {isa = PBXBuildFile; fileRef = F8F2671B4261324ADD9C0E59 /* Theme.swift */; };
		EB439294F3BEFBFA780FC13D /* AudioPreprocessorTests.swift in Sources */ = {isa = PBXBuildFile; fileRef = 43445E53417AD5095831716C /* AudioPreprocessorTests.swift */; };
		F59784C26C62C0A19050D8C2 /* TypeoffApp.swift in Sources */ = {isa = PBXBuildFile; fileRef = A8A1DAAFD8ACAC7D28703814 /* TypeoffApp.swift */; };
		F865C751133A7EEE4B3D0AC5 /* WhisperTokenizerTests.swift in Sources */ = {isa = PBXBuildFile; fileRef = 61FFD34A5A9812696C30794E /* WhisperTokenizerTests.swift */; };
/* End PBXBuildFile section */

/* Begin PBXContainerItemProxy section */
		CD3A7282797DCA571AFAC102 /* PBXContainerItemProxy */ = {
			isa = PBXContainerItemProxy;
			containerPortal = 7D1335FDDDFC558DB293AEC2 /* Project object */;
			proxyType = 1;
			remoteGlobalIDString = 555DC74C44A20B97A84B9816;
			remoteInfo = Typeoff;
		};
/* End PBXContainerItemProxy section */

/* Begin PBXFileReference section */
		0A1ED89D3D51D3BB8AC16C59 /* MelSpectrogramTests.swift */ = {isa = PBXFileReference; lastKnownFileType = sourcecode.swift; path = MelSpectrogramTests.swift; sourceTree = "<group>"; };
		0B4E9DFE483FA8AED3CD83F4 /* TrialManager.swift */ = {isa = PBXFileReference; lastKnownFileType = sourcecode.swift; path = TrialManager.swift; sourceTree = "<group>"; };
		218C506B644B4BCE8BF05BC9 /* vocab.json */ = {isa = PBXFileReference; lastKnownFileType = text.json; path = vocab.json; sourceTree = "<group>"; };
		2B4142BFF61C435932DB27F7 /* WhisperPipeline.swift */ = {isa = PBXFileReference; lastKnownFileType = sourcecode.swift; path = WhisperPipeline.swift; sourceTree = "<group>"; };
		32A6BDA1C09389B8570E4346 /* SilenceDetectorTests.swift */ = {isa = PBXFileReference; lastKnownFileType = sourcecode.swift; path = SilenceDetectorTests.swift; sourceTree = "<group>"; };
		43445E53417AD5095831716C /* AudioPreprocessorTests.swift */ = {isa = PBXFileReference; lastKnownFileType = sourcecode.swift; path = AudioPreprocessorTests.swift; sourceTree = "<group>"; };
		572BB085B1B08F4B1E480F53 /* Info.plist */ = {isa = PBXFileReference; lastKnownFileType = text.plist; path = Info.plist; sourceTree = "<group>"; };
		580324C3EAE16A45B06F52FB /* WhisperPipelineTests.swift */ = {isa = PBXFileReference; lastKnownFileType = sourcecode.swift; path = WhisperPipelineTests.swift; sourceTree = "<group>"; };
		61FFD34A5A9812696C30794E /* WhisperTokenizerTests.swift */ = {isa = PBXFileReference; lastKnownFileType = sourcecode.swift; path = WhisperTokenizerTests.swift; sourceTree = "<group>"; };
		674405B1CCF31CAE3C7E0F4E /* StoreManager.swift */ = {isa = PBXFileReference; lastKnownFileType = sourcecode.swift; path = StoreManager.swift; sourceTree = "<group>"; };
		7B255C5C571A1BDC3F04D18A /* KeyboardView.swift */ = {isa = PBXFileReference; lastKnownFileType = sourcecode.swift; path = KeyboardView.swift; sourceTree = "<group>"; };
		809AFA43B49C1CAA5B7E0EE1 /* KeyboardViewController.swift */ = {isa = PBXFileReference; lastKnownFileType = sourcecode.swift; path = KeyboardViewController.swift; sourceTree = "<group>"; };
		8C3E14FF979E750F50870CF5 /* OnboardingView.swift */ = {isa = PBXFileReference; lastKnownFileType = sourcecode.swift; path = OnboardingView.swift; sourceTree = "<group>"; };
		8C6318F417D976BFD530F36C /* ProfileView.swift */ = {isa = PBXFileReference; lastKnownFileType = sourcecode.swift; path = ProfileView.swift; sourceTree = "<group>"; };
		9F3103FC1497932FC9797515 /* NotesView.swift */ = {isa = PBXFileReference; lastKnownFileType = sourcecode.swift; path = NotesView.swift; sourceTree = "<group>"; };
		A8A1DAAFD8ACAC7D28703814 /* TypeoffApp.swift */ = {isa = PBXFileReference; lastKnownFileType = sourcecode.swift; path = TypeoffApp.swift; sourceTree = "<group>"; };
		AD743CAD035E9E817FF84AD5 /* AudioPreprocessor.swift */ = {isa = PBXFileReference; lastKnownFileType = sourcecode.swift; path = AudioPreprocessor.swift; sourceTree = "<group>"; };
		C401BF13A1A047FDE403647C /* AudioRecorder.swift */ = {isa = PBXFileReference; lastKnownFileType = sourcecode.swift; path = AudioRecorder.swift; sourceTree = "<group>"; };
		C4B3D4B1F3C9C9AC3D57AD68 /* SettingsView.swift */ = {isa = PBXFileReference; lastKnownFileType = sourcecode.swift; path = SettingsView.swift; sourceTree = "<group>"; };
		D1ADBEE23DEE85F3976240B3 /* SilenceDetector.swift */ = {isa = PBXFileReference; lastKnownFileType = sourcecode.swift; path = SilenceDetector.swift; sourceTree = "<group>"; };
		DAFFCDFE7635CB0EB450A2D7 /* TypeoffKeyboard.appex */ = {isa = PBXFileReference; includeInIndex = 0; lastKnownFileType = "wrapper.app-extension"; path = TypeoffKeyboard.appex; sourceTree = BUILT_PRODUCTS_DIR; };
		DBCC0DECF4C2BA7EB17982EF /* WhisperTokenizer.swift */ = {isa = PBXFileReference; lastKnownFileType = sourcecode.swift; path = WhisperTokenizer.swift; sourceTree = "<group>"; };
		E0A2F2B1A6F6A59C0AFC37B5 /* Typeoff.app */ = {isa = PBXFileReference; includeInIndex = 0; lastKnownFileType = wrapper.application; path = Typeoff.app; sourceTree = BUILT_PRODUCTS_DIR; };
		E1EA7A7D28836735F447E458 /* TypeoffTests.xctest */ = {isa = PBXFileReference; includeInIndex = 0; lastKnownFileType = wrapper.cfbundle; path = TypeoffTests.xctest; sourceTree = BUILT_PRODUCTS_DIR; };
		E38618CDDA50DCB8B9800CCD /* MelSpectrogram.swift */ = {isa = PBXFileReference; lastKnownFileType = sourcecode.swift; path = MelSpectrogram.swift; sourceTree = "<group>"; };
		F8AC1D5F5AFE72CFB24979E3 /* WhisperEngine.swift */ = {isa = PBXFileReference; lastKnownFileType = sourcecode.swift; path = WhisperEngine.swift; sourceTree = "<group>"; };
		F8F2671B4261324ADD9C0E59 /* Theme.swift */ = {isa = PBXFileReference; lastKnownFileType = sourcecode.swift; path = Theme.swift; sourceTree = "<group>"; };
/* End PBXFileReference section */

/* Begin PBXGroup section */
		43917CA5320A8057052DA511 /* Resources */ = {
			isa = PBXGroup;
			children = (
				218C506B644B4BCE8BF05BC9 /* vocab.json */,
			);
			name = Resources;
			path = Typeoff/Resources;
			sourceTree = "<group>";
		};
		48D3091BEE6DD2EF6C91BF37 /* App */ = {
			isa = PBXGroup;
			children = (
				9F3103FC1497932FC9797515 /* NotesView.swift */,
				8C3E14FF979E750F50870CF5 /* OnboardingView.swift */,
				8C6318F417D976BFD530F36C /* ProfileView.swift */,
				C4B3D4B1F3C9C9AC3D57AD68 /* SettingsView.swift */,
				F8F2671B4261324ADD9C0E59 /* Theme.swift */,
				A8A1DAAFD8ACAC7D28703814 /* TypeoffApp.swift */,
			);
			name = App;
			path = Typeoff/Sources/App;
			sourceTree = "<group>";
		};
		65C80FC99E1202B36F6EC10E /* Engine */ = {
			isa = PBXGroup;
			children = (
				AD743CAD035E9E817FF84AD5 /* AudioPreprocessor.swift */,
				C401BF13A1A047FDE403647C /* AudioRecorder.swift */,
				E38618CDDA50DCB8B9800CCD /* MelSpectrogram.swift */,
				D1ADBEE23DEE85F3976240B3 /* SilenceDetector.swift */,
				F8AC1D5F5AFE72CFB24979E3 /* WhisperEngine.swift */,
				2B4142BFF61C435932DB27F7 /* WhisperPipeline.swift */,
				DBCC0DECF4C2BA7EB17982EF /* WhisperTokenizer.swift */,
			);
			name = Engine;
			path = Typeoff/Sources/Engine;
			sourceTree = "<group>";
		};
		6D336015E1F2DBD8C93E7CBE /* Keyboard */ = {
			isa = PBXGroup;
			children = (
				572BB085B1B08F4B1E480F53 /* Info.plist */,
				7B255C5C571A1BDC3F04D18A /* KeyboardView.swift */,
				809AFA43B49C1CAA5B7E0EE1 /* KeyboardViewController.swift */,
			);
			name = Keyboard;
			path = Typeoff/Sources/Keyboard;
			sourceTree = "<group>";
		};
		6D8CA84926F62AA40BDD370B /* Engine */ = {
			isa = PBXGroup;
			children = (
				43445E53417AD5095831716C /* AudioPreprocessorTests.swift */,
				0A1ED89D3D51D3BB8AC16C59 /* MelSpectrogramTests.swift */,
				32A6BDA1C09389B8570E4346 /* SilenceDetectorTests.swift */,
				580324C3EAE16A45B06F52FB /* WhisperPipelineTests.swift */,
				61FFD34A5A9812696C30794E /* WhisperTokenizerTests.swift */,
			);
			name = Engine;
			path = Typeoff/Tests/Engine;
			sourceTree = "<group>";
		};
		8ACDA42252EC315EDFEE176F /* Store */ = {
			isa = PBXGroup;
			children = (
				674405B1CCF31CAE3C7E0F4E /* StoreManager.swift */,
				0B4E9DFE483FA8AED3CD83F4 /* TrialManager.swift */,
			);
			name = Store;
			path = Typeoff/Sources/Store;
			sourceTree = "<group>";
		};
		9E752C2C36F76C59F502F408 /* Products */ = {
			isa = PBXGroup;
			children = (
				E0A2F2B1A6F6A59C0AFC37B5 /* Typeoff.app */,
				DAFFCDFE7635CB0EB450A2D7 /* TypeoffKeyboard.appex */,
				E1EA7A7D28836735F447E458 /* TypeoffTests.xctest */,
			);
			name = Products;
			sourceTree = "<group>";
		};
		FA42511AE9E5406C875CFF8D = {
			isa = PBXGroup;
			children = (
				48D3091BEE6DD2EF6C91BF37 /* App */,
				65C80FC99E1202B36F6EC10E /* Engine */,
				6D8CA84926F62AA40BDD370B /* Engine */,
				6D336015E1F2DBD8C93E7CBE /* Keyboard */,
				43917CA5320A8057052DA511 /* Resources */,
				8ACDA42252EC315EDFEE176F /* Store */,
				9E752C2C36F76C59F502F408 /* Products */,
			);
			sourceTree = "<group>";
		};
/* End PBXGroup section */

/* Begin PBXNativeTarget section */
		1A11FB3B38C9DE9EE921FBA7 /* TypeoffTests */ = {
			isa = PBXNativeTarget;
			buildConfigurationList = 3EDFCDEFC5EA787A64056DD0 /* Build configuration list for PBXNativeTarget "TypeoffTests" */;
			buildPhases = (
				71BA125AB4989CE38C5EE5FD /* Sources */,
			);
			buildRules = (
			);
			dependencies = (
				9D4435708E411C9BC23DB413 /* PBXTargetDependency */,
			);
			name = TypeoffTests;
			packageProductDependencies = (
			);
			productName = TypeoffTests;
			productReference = E1EA7A7D28836735F447E458 /* TypeoffTests.xctest */;
			productType = "com.apple.product-type.bundle.unit-test";
		};
		555DC74C44A20B97A84B9816 /* Typeoff */ = {
			isa = PBXNativeTarget;
			buildConfigurationList = B1B3530056F82388DE1AE0C6 /* Build configuration list for PBXNativeTarget "Typeoff" */;
			buildPhases = (
				D619396746420DDBA57031F7 /* Sources */,
				41D697304FD6DD69FFADE03A /* Resources */,
			);
			buildRules = (
			);
			dependencies = (
			);
			name = Typeoff;
			packageProductDependencies = (
			);
			productName = Typeoff;
			productReference = E0A2F2B1A6F6A59C0AFC37B5 /* Typeoff.app */;
			productType = "com.apple.product-type.application";
		};
		DA7A8C236C1EE542C49CD6F9 /* TypeoffKeyboard */ = {
			isa = PBXNativeTarget;
			buildConfigurationList = F397F13421B075CF5A17D169 /* Build configuration list for PBXNativeTarget "TypeoffKeyboard" */;
			buildPhases = (
				5CE4325B90052BA2D3CBFC21 /* Sources */,
			);
			buildRules = (
			);
			dependencies = (
			);
			name = TypeoffKeyboard;
			packageProductDependencies = (
			);
			productName = TypeoffKeyboard;
			productReference = DAFFCDFE7635CB0EB450A2D7 /* TypeoffKeyboard.appex */;
			productType = "com.apple.product-type.app-extension";
		};
/* End PBXNativeTarget section */

/* Begin PBXProject section */
		7D1335FDDDFC558DB293AEC2 /* Project object */ = {
			isa = PBXProject;
			attributes = {
				BuildIndependentTargetsInParallel = YES;
				LastUpgradeCheck = 1600;
				TargetAttributes = {
					1A11FB3B38C9DE9EE921FBA7 = {
						DevelopmentTeam = 2TWV639R43;
						ProvisioningStyle = Automatic;
					};
					555DC74C44A20B97A84B9816 = {
						DevelopmentTeam = 2TWV639R43;
						ProvisioningStyle = Automatic;
					};
					DA7A8C236C1EE542C49CD6F9 = {
						DevelopmentTeam = 2TWV639R43;
						ProvisioningStyle = Automatic;
					};
				};
			};
			buildConfigurationList = 65CB84B04E82AF3F94D78A07 /* Build configuration list for PBXProject "TypeOff" */;
			developmentRegion = en;
			hasScannedForEncodings = 0;
			knownRegions = (
				Base,
				en,
			);
			mainGroup = FA42511AE9E5406C875CFF8D;
			minimizedProjectReferenceProxies = 1;
			preferredProjectObjectVersion = 77;
			productRefGroup = 9E752C2C36F76C59F502F408 /* Products */;
			projectDirPath = "";
			projectRoot = "";
			targets = (
				555DC74C44A20B97A84B9816 /* Typeoff */,
				DA7A8C236C1EE542C49CD6F9 /* TypeoffKeyboard */,
				1A11FB3B38C9DE9EE921FBA7 /* TypeoffTests */,
			);
		};
/* End PBXProject section */

/* Begin PBXResourcesBuildPhase section */
		41D697304FD6DD69FFADE03A /* Resources */ = {
			isa = PBXResourcesBuildPhase;
			buildActionMask = 2147483647;
			files = (
				97E1C01F8D8851AA0E03C4EA /* vocab.json in Resources */,
			);
			runOnlyForDeploymentPostprocessing = 0;
		};
/* End PBXResourcesBuildPhase section */

/* Begin PBXSourcesBuildPhase section */
		5CE4325B90052BA2D3CBFC21 /* Sources */ = {
			isa = PBXSourcesBuildPhase;
			buildActionMask = 2147483647;
			files = (
				621112843038F39CEE0DA2E8 /* KeyboardView.swift in Sources */,
				E2F07CD8B7A78EFDACC5CDE7 /* KeyboardViewController.swift in Sources */,
				4C57601B3314B08D898F29AF /* TrialManager.swift in Sources */,
			);
			runOnlyForDeploymentPostprocessing = 0;
		};
		71BA125AB4989CE38C5EE5FD /* Sources */ = {
			isa = PBXSourcesBuildPhase;
			buildActionMask = 2147483647;
			files = (
				EB439294F3BEFBFA780FC13D /* AudioPreprocessorTests.swift in Sources */,
				0C73CCBED39EFEBEBD13E28B /* MelSpectrogramTests.swift in Sources */,
				BF86EED7D25C22F301EEAFF4 /* SilenceDetectorTests.swift in Sources */,
				991B300B06D9530970B6E386 /* WhisperPipelineTests.swift in Sources */,
				F865C751133A7EEE4B3D0AC5 /* WhisperTokenizerTests.swift in Sources */,
			);
			runOnlyForDeploymentPostprocessing = 0;
		};
		D619396746420DDBA57031F7 /* Sources */ = {
			isa = PBXSourcesBuildPhase;
			buildActionMask = 2147483647;
			files = (
				C0CA756C1EA2DA6D8DC3D72F /* AudioPreprocessor.swift in Sources */,
				0EA9E9B8A05DB9EE9F8D5744 /* AudioRecorder.swift in Sources */,
				20595BF325F2641EA1D608C3 /* MelSpectrogram.swift in Sources */,
				9C79690273DB266EA6C39808 /* NotesView.swift in Sources */,
				9EF1EF23037B4C75251F9634 /* OnboardingView.swift in Sources */,
				400277AB49D2E857D487500B /* ProfileView.swift in Sources */,
				D00EAA46FEA64975C1191F33 /* SettingsView.swift in Sources */,
				A2076E571A3DE94442580A84 /* SilenceDetector.swift in Sources */,
				4C319BE53E179A396D483A06 /* StoreManager.swift in Sources */,
				E5A6E3F19E5E50703F23B2FA /* Theme.swift in Sources */,
				CBFC43483B0DFE0DA42A3578 /* TrialManager.swift in Sources */,
				F59784C26C62C0A19050D8C2 /* TypeoffApp.swift in Sources */,
				A952A07055AE649F0C82F8FE /* WhisperEngine.swift in Sources */,
				19BE6118B298FEFEF6B4AA3C /* WhisperPipeline.swift in Sources */,
				A50D061B794C1061DBBE17BB /* WhisperTokenizer.swift in Sources */,
			);
			runOnlyForDeploymentPostprocessing = 0;
		};
/* End PBXSourcesBuildPhase section */

/* Begin PBXTargetDependency section */
		9D4435708E411C9BC23DB413 /* PBXTargetDependency */ = {
			isa = PBXTargetDependency;
			target = 555DC74C44A20B97A84B9816 /* Typeoff */;
			targetProxy = CD3A7282797DCA571AFAC102 /* PBXContainerItemProxy */;
		};
/* End PBXTargetDependency section */

/* Begin XCBuildConfiguration section */
		1E31D1AAFDF8F1DB81679A03 /* Debug */ = {
			isa = XCBuildConfiguration;
			buildSettings = {
				ALWAYS_SEARCH_USER_PATHS = NO;
				CLANG_ANALYZER_NONNULL = YES;
				CLANG_ANALYZER_NUMBER_OBJECT_CONVERSION = YES_AGGRESSIVE;
				CLANG_CXX_LANGUAGE_STANDARD = "gnu++14";
				CLANG_CXX_LIBRARY = "libc++";
				CLANG_ENABLE_MODULES = YES;
				CLANG_ENABLE_OBJC_ARC = YES;
				CLANG_ENABLE_OBJC_WEAK = YES;
				CLANG_WARN_BLOCK_CAPTURE_AUTORELEASING = YES;
				CLANG_WARN_BOOL_CONVERSION = YES;
				CLANG_WARN_COMMA = YES;
				CLANG_WARN_CONSTANT_CONVERSION = YES;
				CLANG_WARN_DEPRECATED_OBJC_IMPLEMENTATIONS = YES;
				CLANG_WARN_DIRECT_OBJC_ISA_USAGE = YES_ERROR;
				CLANG_WARN_DOCUMENTATION_COMMENTS = YES;
				CLANG_WARN_EMPTY_BODY = YES;
				CLANG_WARN_ENUM_CONVERSION = YES;
				CLANG_WARN_INFINITE_RECURSION = YES;
				CLANG_WARN_INT_CONVERSION = YES;
				CLANG_WARN_NON_LITERAL_NULL_CONVERSION = YES;
				CLANG_WARN_OBJC_IMPLICIT_RETAIN_SELF = YES;
				CLANG_WARN_OBJC_LITERAL_CONVERSION = YES;
				CLANG_WARN_OBJC_ROOT_CLASS = YES_ERROR;
				CLANG_WARN_QUOTED_INCLUDE_IN_FRAMEWORK_HEADER = YES;
				CLANG_WARN_RANGE_LOOP_ANALYSIS = YES;
				CLANG_WARN_STRICT_PROTOTYPES = YES;
				CLANG_WARN_SUSPICIOUS_MOVE = YES;
				CLANG_WARN_UNGUARDED_AVAILABILITY = YES_AGGRESSIVE;
				CLANG_WARN_UNREACHABLE_CODE = YES;
				CLANG_WARN__DUPLICATE_METHOD_MATCH = YES;
				CODE_SIGN_STYLE = Automatic;
				COPY_PHASE_STRIP = NO;
				DEBUG_INFORMATION_FORMAT = dwarf;
				DEVELOPMENT_TEAM = 2TWV639R43;
				ENABLE_STRICT_OBJC_MSGSEND = YES;
				ENABLE_TESTABILITY = YES;
				GCC_C_LANGUAGE_STANDARD = gnu11;
				GCC_DYNAMIC_NO_PIC = NO;
				GCC_NO_COMMON_BLOCKS = YES;
				GCC_OPTIMIZATION_LEVEL = 0;
				GCC_PREPROCESSOR_DEFINITIONS = (
					"$(inherited)",
					"DEBUG=1",
				);
				GCC_WARN_64_TO_32_BIT_CONVERSION = YES;
				GCC_WARN_ABOUT_RETURN_TYPE = YES_ERROR;
				GCC_WARN_UNDECLARED_SELECTOR = YES;
				GCC_WARN_UNINITIALIZED_AUTOS = YES_AGGRESSIVE;
				GCC_WARN_UNUSED_FUNCTION = YES;
				GCC_WARN_UNUSED_VARIABLE = YES;
				IPHONEOS_DEPLOYMENT_TARGET = 17.0;
				MTL_ENABLE_DEBUG_INFO = INCLUDE_SOURCE;
				MTL_FAST_MATH = YES;
				ONLY_ACTIVE_ARCH = YES;
				PRODUCT_NAME = "$(TARGET_NAME)";
				SDKROOT = iphoneos;
				SWIFT_ACTIVE_COMPILATION_CONDITIONS = DEBUG;
				SWIFT_OPTIMIZATION_LEVEL = "-Onone";
				SWIFT_VERSION = 5.9;
			};
			name = Debug;
		};
		23F48B8F5CA3406838E2E5EC /* Release */ = {
			isa = XCBuildConfiguration;
			buildSettings = {
				CODE_SIGN_ENTITLEMENTS = Typeoff/TypeoffKeyboard.entitlements;
				GENERATE_INFOPLIST_FILE = NO;
				INFOPLIST_FILE = Typeoff/Sources/Keyboard/Info.plist;
				LD_RUNPATH_SEARCH_PATHS = (
					"$(inherited)",
					"@executable_path/Frameworks",
					"@executable_path/../../Frameworks",
				);
				PRODUCT_BUNDLE_IDENTIFIER = com.chenbao.typeoff.keyboard;
				SDKROOT = iphoneos;
				TARGETED_DEVICE_FAMILY = "1,2";
			};
			name = Release;
		};
		8ED9FD86936D9107D52F3FFD /* Release */ = {
			isa = XCBuildConfiguration;
			buildSettings = {
				BUNDLE_LOADER = "$(TEST_HOST)";
				GENERATE_INFOPLIST_FILE = NO;
				INFOPLIST_FILE = Typeoff/Tests/Info.plist;
				LD_RUNPATH_SEARCH_PATHS = (
					"$(inherited)",
					"@executable_path/Frameworks",
					"@loader_path/Frameworks",
				);
				PRODUCT_BUNDLE_IDENTIFIER = com.chenbao.typeoff.tests;
				SDKROOT = iphoneos;
				TARGETED_DEVICE_FAMILY = "1,2";
				TEST_HOST = "$(BUILT_PRODUCTS_DIR)/Typeoff.app/Typeoff";
			};
			name = Release;
		};
		96EFAAD97AF7C170DA2DB432 /* Release */ = {
			isa = XCBuildConfiguration;
			buildSettings = {
				ASSETCATALOG_COMPILER_APPICON_NAME = AppIcon;
				CODE_SIGN_ENTITLEMENTS = Typeoff/Typeoff.entitlements;
				CODE_SIGN_IDENTITY = "iPhone Developer";
				CURRENT_PROJECT_VERSION = 1;
				GENERATE_INFOPLIST_FILE = YES;
				INFOPLIST_KEY_CFBundleDisplayName = TypeOff;
				INFOPLIST_KEY_NSMicrophoneUsageDescription = "TypeOff needs microphone access to transcribe your speech. Audio is processed entirely on your device.";
				INFOPLIST_KEY_UIApplicationSceneManifest_Generation = YES;
				INFOPLIST_KEY_UILaunchScreen_Generation = YES;
				INFOPLIST_KEY_UISupportedInterfaceOrientations = "UIInterfaceOrientationPortrait UIInterfaceOrientationLandscapeLeft UIInterfaceOrientationLandscapeRight UIInterfaceOrientationPortraitUpsideDown";
				LD_RUNPATH_SEARCH_PATHS = (
					"$(inherited)",
					"@executable_path/Frameworks",
				);
				MARKETING_VERSION = 1.0;
				PRODUCT_BUNDLE_IDENTIFIER = com.chenbao.typeoff;
				SDKROOT = iphoneos;
				TARGETED_DEVICE_FAMILY = "1,2";
			};
			name = Release;
		};
		979AF4FEB0A09FA9ADCEE523 /* Debug */ = {
			isa = XCBuildConfiguration;
			buildSettings = {
				BUNDLE_LOADER = "$(TEST_HOST)";
				GENERATE_INFOPLIST_FILE = NO;
				INFOPLIST_FILE = Typeoff/Tests/Info.plist;
				LD_RUNPATH_SEARCH_PATHS = (
					"$(inherited)",
					"@executable_path/Frameworks",
					"@loader_path/Frameworks",
				);
				PRODUCT_BUNDLE_IDENTIFIER = com.chenbao.typeoff.tests;
				SDKROOT = iphoneos;
				TARGETED_DEVICE_FAMILY = "1,2";
				TEST_HOST = "$(BUILT_PRODUCTS_DIR)/Typeoff.app/Typeoff";
			};
			name = Debug;
		};
		C21294E1E81F4F77358838C5 /* Release */ = {
			isa = XCBuildConfiguration;
			buildSettings = {
				ALWAYS_SEARCH_USER_PATHS = NO;
				CLANG_ANALYZER_NONNULL = YES;
				CLANG_ANALYZER_NUMBER_OBJECT_CONVERSION = YES_AGGRESSIVE;
				CLANG_CXX_LANGUAGE_STANDARD = "gnu++14";
				CLANG_CXX_LIBRARY = "libc++";
				CLANG_ENABLE_MODULES = YES;
				CLANG_ENABLE_OBJC_ARC = YES;
				CLANG_ENABLE_OBJC_WEAK = YES;
				CLANG_WARN_BLOCK_CAPTURE_AUTORELEASING = YES;
				CLANG_WARN_BOOL_CONVERSION = YES;
				CLANG_WARN_COMMA = YES;
				CLANG_WARN_CONSTANT_CONVERSION = YES;
				CLANG_WARN_DEPRECATED_OBJC_IMPLEMENTATIONS = YES;
				CLANG_WARN_DIRECT_OBJC_ISA_USAGE = YES_ERROR;
				CLANG_WARN_DOCUMENTATION_COMMENTS = YES;
				CLANG_WARN_EMPTY_BODY = YES;
				CLANG_WARN_ENUM_CONVERSION = YES;
				CLANG_WARN_INFINITE_RECURSION = YES;
				CLANG_WARN_INT_CONVERSION = YES;
				CLANG_WARN_NON_LITERAL_NULL_CONVERSION = YES;
				CLANG_WARN_OBJC_IMPLICIT_RETAIN_SELF = YES;
				CLANG_WARN_OBJC_LITERAL_CONVERSION = YES;
				CLANG_WARN_OBJC_ROOT_CLASS = YES_ERROR;
				CLANG_WARN_QUOTED_INCLUDE_IN_FRAMEWORK_HEADER = YES;
				CLANG_WARN_RANGE_LOOP_ANALYSIS = YES;
				CLANG_WARN_STRICT_PROTOTYPES = YES;
				CLANG_WARN_SUSPICIOUS_MOVE = YES;
				CLANG_WARN_UNGUARDED_AVAILABILITY = YES_AGGRESSIVE;
				CLANG_WARN_UNREACHABLE_CODE = YES;
				CLANG_WARN__DUPLICATE_METHOD_MATCH = YES;
				CODE_SIGN_STYLE = Automatic;
				COPY_PHASE_STRIP = NO;
				DEBUG_INFORMATION_FORMAT = "dwarf-with-dsym";
				DEVELOPMENT_TEAM = 2TWV639R43;
				ENABLE_NS_ASSERTIONS = NO;
				ENABLE_STRICT_OBJC_MSGSEND = YES;
				GCC_C_LANGUAGE_STANDARD = gnu11;
				GCC_NO_COMMON_BLOCKS = YES;
				GCC_WARN_64_TO_32_BIT_CONVERSION = YES;
				GCC_WARN_ABOUT_RETURN_TYPE = YES_ERROR;
				GCC_WARN_UNDECLARED_SELECTOR = YES;
				GCC_WARN_UNINITIALIZED_AUTOS = YES_AGGRESSIVE;
				GCC_WARN_UNUSED_FUNCTION = YES;
				GCC_WARN_UNUSED_VARIABLE = YES;
				IPHONEOS_DEPLOYMENT_TARGET = 17.0;
				MTL_ENABLE_DEBUG_INFO = NO;
				MTL_FAST_MATH = YES;
				PRODUCT_NAME = "$(TARGET_NAME)";
				SDKROOT = iphoneos;
				SWIFT_COMPILATION_MODE = wholemodule;
				SWIFT_OPTIMIZATION_LEVEL = "-O";
				SWIFT_VERSION = 5.9;
			};
			name = Release;
		};
		D5446DC6BCABF0A773E51B38 /* Debug */ = {
			isa = XCBuildConfiguration;
			buildSettings = {
				ASSETCATALOG_COMPILER_APPICON_NAME = AppIcon;
				CODE_SIGN_ENTITLEMENTS = Typeoff/Typeoff.entitlements;
				CODE_SIGN_IDENTITY = "iPhone Developer";
				CURRENT_PROJECT_VERSION = 1;
				GENERATE_INFOPLIST_FILE = YES;
				INFOPLIST_KEY_CFBundleDisplayName = TypeOff;
				INFOPLIST_KEY_NSMicrophoneUsageDescription = "TypeOff needs microphone access to transcribe your speech. Audio is processed entirely on your device.";
				INFOPLIST_KEY_UIApplicationSceneManifest_Generation = YES;
				INFOPLIST_KEY_UILaunchScreen_Generation = YES;
				INFOPLIST_KEY_UISupportedInterfaceOrientations = "UIInterfaceOrientationPortrait UIInterfaceOrientationLandscapeLeft UIInterfaceOrientationLandscapeRight UIInterfaceOrientationPortraitUpsideDown";
				LD_RUNPATH_SEARCH_PATHS = (
					"$(inherited)",
					"@executable_path/Frameworks",
				);
				MARKETING_VERSION = 1.0;
				PRODUCT_BUNDLE_IDENTIFIER = com.chenbao.typeoff;
				SDKROOT = iphoneos;
				TARGETED_DEVICE_FAMILY = "1,2";
			};
			name = Debug;
		};
		E5E4F2019DB66B879BEF42B7 /* Debug */ = {
			isa = XCBuildConfiguration;
			buildSettings = {
				CODE_SIGN_ENTITLEMENTS = Typeoff/TypeoffKeyboard.entitlements;
				GENERATE_INFOPLIST_FILE = NO;
				INFOPLIST_FILE = Typeoff/Sources/Keyboard/Info.plist;
				LD_RUNPATH_SEARCH_PATHS = (
					"$(inherited)",
					"@executable_path/Frameworks",
					"@executable_path/../../Frameworks",
				);
				PRODUCT_BUNDLE_IDENTIFIER = com.chenbao.typeoff.keyboard;
				SDKROOT = iphoneos;
				TARGETED_DEVICE_FAMILY = "1,2";
			};
			name = Debug;
		};
/* End XCBuildConfiguration section */

/* Begin XCConfigurationList section */
		3EDFCDEFC5EA787A64056DD0 /* Build configuration list for PBXNativeTarget "TypeoffTests" */ = {
			isa = XCConfigurationList;
			buildConfigurations = (
				979AF4FEB0A09FA9ADCEE523 /* Debug */,
				8ED9FD86936D9107D52F3FFD /* Release */,
			);
			defaultConfigurationIsVisible = 0;
			defaultConfigurationName = Debug;
		};
		65CB84B04E82AF3F94D78A07 /* Build configuration list for PBXProject "TypeOff" */ = {
			isa = XCConfigurationList;
			buildConfigurations = (
				1E31D1AAFDF8F1DB81679A03 /* Debug */,
				C21294E1E81F4F77358838C5 /* Release */,
			);
			defaultConfigurationIsVisible = 0;
			defaultConfigurationName = Debug;
		};
		B1B3530056F82388DE1AE0C6 /* Build configuration list for PBXNativeTarget "Typeoff" */ = {
			isa = XCConfigurationList;
			buildConfigurations = (
				D5446DC6BCABF0A773E51B38 /* Debug */,
				96EFAAD97AF7C170DA2DB432 /* Release */,
			);
			defaultConfigurationIsVisible = 0;
			defaultConfigurationName = Debug;
		};
		F397F13421B075CF5A17D169 /* Build configuration list for PBXNativeTarget "TypeoffKeyboard" */ = {
			isa = XCConfigurationList;
			buildConfigurations = (
				E5E4F2019DB66B879BEF42B7 /* Debug */,
				23F48B8F5CA3406838E2E5EC /* Release */,
			);
			defaultConfigurationIsVisible = 0;
			defaultConfigurationName = Debug;
		};
/* End XCConfigurationList section */
	};
	rootObject = 7D1335FDDDFC558DB293AEC2 /* Project object */;
}
